
Microsoft Visual Studio Solution File, Format Version 12.00
# Visual Studio Version 16
VisualStudioVersion = 16.0.30503.244
MinimumVisualStudioVersion = 10.0.40219.1
Project("{FAE04EC0-301F-11D3-BF4B-00C04F79EFBC}") = "MenuLopDT", "MenuLopDT\MenuLopDT.csproj", "{C18BB6E7-700A-4216-B073-53554C8FD0B0}"
EndProject
Global
	GlobalSection(SolutionConfigurationPlatforms) = preSolution
		Debug|Any CPU = Debug|Any CPU
		Release|Any CPU = Release|Any CPU
	EndGlobalSection
	GlobalSection(ProjectConfigurationPlatforms) = postSolution
		{C18BB6E7-700A-4216-B073-53554C8FD0B0}.Debug|Any CPU.ActiveCfg = Debug|Any CPU
		{C18BB6E7-700A-4216-B073-53554C8FD0B0}.Debug|Any CPU.Build.0 = Debug|Any CPU
		{C18BB6E7-700A-4216-B073-53554C8FD0B0}.Release|Any CPU.ActiveCfg = Release|Any CPU
		{C18BB6E7-700A-4216-B073-53554C8FD0B0}.Release|Any CPU.Build.0 = Release|Any CPU
	EndGlobalSection
	GlobalSection(SolutionProperties) = preSolution
		HideSolutionNode = FALSE
	EndGlobalSection
	GlobalSection(ExtensibilityGlobals) = postSolution
		SolutionGuid = {B12B2C2E-4E98-46BA-84ED-5D265B672CC4}
	EndGlobalSection
EndGlobal
